// !$*UTF8*$!
{
	archiveVersion = 1;
	classes = {
	};
	objectVersion = 50;
	objects = {

/* Begin PBXBuildFile section */
		579768AC3837A28F6334A3FC /* Pods_TemplateAPP.framework in Frameworks */ = {isa = PBXBuildFile; fileRef = D0951BB8B4FF962944D2D06F /* Pods_TemplateAPP.framework */; };
		C4EAF1DD22817C3B00298667 /* AppDelegate.swift in Sources */ = {isa = PBXBuildFile; fileRef = C4EAF1DC22817C3B00298667 /* AppDelegate.swift */; };
		C4EAF1E422817C3D00298667 /* Assets.xcassets in Resources */ = {isa = PBXBuildFile; fileRef = C4EAF1E322817C3D00298667 /* Assets.xcassets */; };
		C4EAF1E722817C3D00298667 /* LaunchScreen.storyboard in Resources */ = {isa = PBXBuildFile; fileRef = C4EAF1E522817C3D00298667 /* LaunchScreen.storyboard */; };
		C4EAF1EF228180EF00298667 /* ChooseMenuTableViewController.swift in Sources */ = {isa = PBXBuildFile; fileRef = C4EAF1EE228180EF00298667 /* ChooseMenuTableViewController.swift */; };
/* End PBXBuildFile section */

/* Begin PBXFileReference section */
		2B4E175E89952D92F6207669 /* Pods-TemplateAPP.release.xcconfig */ = {isa = PBXFileReference; includeInIndex = 1; lastKnownFileType = text.xcconfig; name = "Pods-TemplateAPP.release.xcconfig"; path = "Pods/Target Support Files/Pods-TemplateAPP/Pods-TemplateAPP.release.xcconfig"; sourceTree = "<group>"; };
		9C5DB8E57E48DBA0DC59F62C /* Pods-TemplateAPP.debug.xcconfig */ = {isa = PBXFileReference; includeInIndex = 1; lastKnownFileType = text.xcconfig; name = "Pods-TemplateAPP.debug.xcconfig"; path = "Pods/Target Support Files/Pods-TemplateAPP/Pods-TemplateAPP.debug.xcconfig"; sourceTree = "<group>"; };
		C4EAF1D922817C3B00298667 /* TemplateAPP.app */ = {isa = PBXFileReference; explicitFileType = wrapper.application; includeInIndex = 0; path = TemplateAPP.app; sourceTree = BUILT_PRODUCTS_DIR; };
		C4EAF1DC22817C3B00298667 /* AppDelegate.swift */ = {isa = PBXFileReference; lastKnownFileType = sourcecode.swift; path = AppDelegate.swift; sourceTree = "<group>"; };
		C4EAF1E322817C3D00298667 /* Assets.xcassets */ = {isa = PBXFileReference; lastKnownFileType = folder.assetcatalog; path = Assets.xcassets; sourceTree = "<group>"; };
		C4EAF1E622817C3D00298667 /* Base */ = {isa = PBXFileReference; lastKnownFileType = file.storyboard; name = Base; path = Base.lproj/LaunchScreen.storyboard; sourceTree = "<group>"; };
		C4EAF1E822817C3D00298667 /* Info.plist */ = {isa = PBXFileReference; lastKnownFileType = text.plist.xml; path = Info.plist; sourceTree = "<group>"; };
		C4EAF1EE228180EF00298667 /* ChooseMenuTableViewController.swift */ = {isa = PBXFileReference; lastKnownFileType = sourcecode.swift; path = ChooseMenuTableViewController.swift; sourceTree = "<group>"; };
		D0951BB8B4FF962944D2D06F /* Pods_TemplateAPP.framework */ = {isa = PBXFileReference; explicitFileType = wrapper.framework; includeInIndex = 0; path = Pods_TemplateAPP.framework; sourceTree = BUILT_PRODUCTS_DIR; };
/* End PBXFileReference section */

/* Begin PBXFrameworksBuildPhase section */
		C4EAF1D622817C3B00298667 /* Frameworks */ = {
			isa = PBXFrameworksBuildPhase;
			buildActionMask = 2147483647;
			files = (
				579768AC3837A28F6334A3FC /* Pods_TemplateAPP.framework in Frameworks */,
			);
			runOnlyForDeploymentPostprocessing = 0;
		};
/* End PBXFrameworksBuildPhase section */

/* Begin PBXGroup section */
		21B9F6121F1636E70E5B6B1B /* Frameworks */ = {
			isa = PBXGroup;
			children = (
				D0951BB8B4FF962944D2D06F /* Pods_TemplateAPP.framework */,
			);
			name = Frameworks;
			sourceTree = "<group>";
		};
		485B702F96025A3F360B58C0 /* Pods */ = {
			isa = PBXGroup;
			children = (
				9C5DB8E57E48DBA0DC59F62C /* Pods-TemplateAPP.debug.xcconfig */,
				2B4E175E89952D92F6207669 /* Pods-TemplateAPP.release.xcconfig */,
			);
			name = Pods;
			sourceTree = "<group>";
		};
		C4EAF1D022817C3A00298667 = {
			isa = PBXGroup;
			children = (
				C4EAF1DB22817C3B00298667 /* TemplateAPP */,
				C4EAF1DA22817C3B00298667 /* Products */,
				485B702F96025A3F360B58C0 /* Pods */,
				21B9F6121F1636E70E5B6B1B /* Frameworks */,
			);
			sourceTree = "<group>";
		};
		C4EAF1DA22817C3B00298667 /* Products */ = {
			isa = PBXGroup;
			children = (
				C4EAF1D922817C3B00298667 /* TemplateAPP.app */,
			);
			name = Products;
			sourceTree = "<group>";
		};
		C4EAF1DB22817C3B00298667 /* TemplateAPP */ = {
			isa = PBXGroup;
			children = (
				C4EAF1F22281833300298667 /* BiliBili */,
				C4EAF1F12281815100298667 /* Main */,
				C4EAF1F02281813F00298667 /* Others */,
			);
			path = TemplateAPP;
			sourceTree = "<group>";
		};
		C4EAF1F02281813F00298667 /* Others */ = {
			isa = PBXGroup;
			children = (
				C4EAF1DC22817C3B00298667 /* AppDelegate.swift */,
				C4EAF1E322817C3D00298667 /* Assets.xcassets */,
				C4EAF1E522817C3D00298667 /* LaunchScreen.storyboard */,
				C4EAF1E822817C3D00298667 /* Info.plist */,
			);
			path = Others;
			sourceTree = "<group>";
		};
		C4EAF1F12281815100298667 /* Main */ = {
			isa = PBXGroup;
			children = (
				C4EAF1EE228180EF00298667 /* ChooseMenuTableViewController.swift */,
			);
			path = Main;
			sourceTree = "<group>";
		};
		C4EAF1F22281833300298667 /* BiliBili */ = {
			isa = PBXGroup;
			children = (
			);
			path = BiliBili;
			sourceTree = "<group>";
		};
/* End PBXGroup section */

/* Begin PBXNativeTarget section */
		C4EAF1D822817C3B00298667 /* TemplateAPP */ = {
			isa = PBXNativeTarget;
			buildConfigurationList = C4EAF1EB22817C3D00298667 /* Build configuration list for PBXNativeTarget "TemplateAPP" */;
			buildPhases = (
				CD2F70EBC128C08FD54E31F0 /* [CP] Check Pods Manifest.lock */,
				C4EAF1D522817C3B00298667 /* Sources */,
				C4EAF1D622817C3B00298667 /* Frameworks */,
				C4EAF1D722817C3B00298667 /* Resources */,
				99C0C7D59C5CE1595EC7DFA0 /* [CP] Embed Pods Frameworks */,
			);
			buildRules = (
			);
			dependencies = (
			);
			name = TemplateAPP;
			productName = TemplateAPP;
			productReference = C4EAF1D922817C3B00298667 /* TemplateAPP.app */;
			productType = "com.apple.product-type.application";
		};
/* End PBXNativeTarget section */

/* Begin PBXProject section */
		C4EAF1D122817C3A00298667 /* Project object */ = {
			isa = PBXProject;
			attributes = {
				LastSwiftUpdateCheck = 1020;
				LastUpgradeCheck = 1020;
				ORGANIZATIONNAME = hgd;
				TargetAttributes = {
					C4EAF1D822817C3B00298667 = {
						CreatedOnToolsVersion = 10.2.1;
					};
				};
			};
			buildConfigurationList = C4EAF1D422817C3B00298667 /* Build configuration list for PBXProject "TemplateAPP" */;
			compatibilityVersion = "Xcode 9.3";
			developmentRegion = en;
			hasScannedForEncodings = 0;
			knownRegions = (
				en,
				Base,
			);
			mainGroup = C4EAF1D022817C3A00298667;
			productRefGroup = C4EAF1DA22817C3B00298667 /* Products */;
			projectDirPath = "";
			projectRoot = "";
			targets = (
				C4EAF1D822817C3B00298667 /* TemplateAPP */,
			);
		};
/* End PBXProject section */

/* Begin PBXResourcesBuildPhase section */
		C4EAF1D722817C3B00298667 /* Resources */ = {
			isa = PBXResourcesBuildPhase;
			buildActionMask = 2147483647;
			files = (
				C4EAF1E722817C3D00298667 /* LaunchScreen.storyboard in Resources */,
				C4EAF1E422817C3D00298667 /* Assets.xcassets in Resources */,
			);
			runOnlyForDeploymentPostprocessing = 0;
		};
/* End PBXResourcesBuildPhase section */

/* Begin PBXShellScriptBuildPhase section */
		99C0C7D59C5CE1595EC7DFA0 /* [CP] Embed Pods Frameworks */ = {
			isa = PBXShellScriptBuildPhase;
			buildActionMask = 2147483647;
			files = (
			);
			inputPaths = (
				"${SRCROOT}/Pods/Target Support Files/Pods-TemplateAPP/Pods-TemplateAPP-frameworks.sh",
				"${BUILT_PRODUCTS_DIR}/Alamofire/Alamofire.framework",
				"${BUILT_PRODUCTS_DIR}/Moya/Moya.framework",
				"${BUILT_PRODUCTS_DIR}/Result/Result.framework",
				"${BUILT_PRODUCTS_DIR}/SnapKit/SnapKit.framework",
			);
			name = "[CP] Embed Pods Frameworks";
			outputPaths = (
				"${TARGET_BUILD_DIR}/${FRAMEWORKS_FOLDER_PATH}/Alamofire.framework",
				"${TARGET_BUILD_DIR}/${FRAMEWORKS_FOLDER_PATH}/Moya.framework",
				"${TARGET_BUILD_DIR}/${FRAMEWORKS_FOLDER_PATH}/Result.framework",
				"${TARGET_BUILD_DIR}/${FRAMEWORKS_FOLDER_PATH}/SnapKit.framework",
			);
			runOnlyForDeploymentPostprocessing = 0;
			shellPath = /bin/sh;
			shellScript = "\"${SRCROOT}/Pods/Target Support Files/Pods-TemplateAPP/Pods-TemplateAPP-frameworks.sh\"\n";
			showEnvVarsInLog = 0;
		};
		CD2F70EBC128C08FD54E31F0 /* [CP] Check Pods Manifest.lock */ = {
			isa = PBXShellScriptBuildPhase;
			buildActionMask = 2147483647;
			files = (
			);
			inputPaths = (
				"${PODS_PODFILE_DIR_PATH}/Podfile.lock",
				"${PODS_ROOT}/Manifest.lock",
			);
			name = "[CP] Check Pods Manifest.lock";
			outputPaths = (
				"$(DERIVED_FILE_DIR)/Pods-TemplateAPP-checkManifestLockResult.txt",
			);
			runOnlyForDeploymentPostprocessing = 0;
			shellPath = /bin/sh;
			shellScript = "diff \"${PODS_PODFILE_DIR_PATH}/Podfile.lock\" \"${PODS_ROOT}/Manifest.lock\" > /dev/null\nif [ $? != 0 ] ; then\n    # print error to STDERR\n    echo \"error: The sandbox is not in sync with the Podfile.lock. Run 'pod install' or update your CocoaPods installation.\" >&2\n    exit 1\nfi\n# This output is used by Xcode 'outputs' to avoid re-running this script phase.\necho \"SUCCESS\" > \"${SCRIPT_OUTPUT_FILE_0}\"\n";
			showEnvVarsInLog = 0;
		};
/* End PBXShellScriptBuildPhase section */

/* Begin PBXSourcesBuildPhase section */
		C4EAF1D522817C3B00298667 /* Sources */ = {
			isa = PBXSourcesBuildPhase;
			buildActionMask = 2147483647;
			files = (
				C4EAF1DD22817C3B00298667 /* AppDelegate.swift in Sources */,
				C4EAF1EF228180EF00298667 /* ChooseMenuTableViewController.swift in Sources */,
			);
			runOnlyForDeploymentPostprocessing = 0;
		};
/* End PBXSourcesBuildPhase section */

/* Begin PBXVariantGroup section */
		C4EAF1E522817C3D00298667 /* LaunchScreen.storyboard */ = {
			isa = PBXVariantGroup;
			children = (
				C4EAF1E622817C3D00298667 /* Base */,
			);
			name = LaunchScreen.storyboard;
			sourceTree = "<group>";
		};
/* End PBXVariantGroup section */

/* Begin XCBuildConfiguration section */
		C4EAF1E922817C3D00298667 /* Debug */ = {
			isa = XCBuildConfiguration;
			buildSettings = {
				ALWAYS_SEARCH_USER_PATHS = NO;
				CLANG_ANALYZER_NONNULL = YES;
				CLANG_ANALYZER_NUMBER_OBJECT_CONVERSION = YES_AGGRESSIVE;
				CLANG_CXX_LANGUAGE_STANDARD = "gnu++14";
				CLANG_CXX_LIBRARY = "libc++";
				CLANG_ENABLE_MODULES = YES;
				CLANG_ENABLE_OBJC_ARC = YES;
				CLANG_ENABLE_OBJC_WEAK = YES;
				CLANG_WARN_BLOCK_CAPTURE_AUTORELEASING = YES;
				CLANG_WARN_BOOL_CONVERSION = YES;
				CLANG_WARN_COMMA = YES;
				CLANG_WARN_CONSTANT_CONVERSION = YES;
				CLANG_WARN_DEPRECATED_OBJC_IMPLEMENTATIONS = YES;
				CLANG_WARN_DIRECT_OBJC_ISA_USAGE = YES_ERROR;
				CLANG_WARN_DOCUMENTATION_COMMENTS = YES;
				CLANG_WARN_EMPTY_BODY = YES;
				CLANG_WARN_ENUM_CONVERSION = YES;
				CLANG_WARN_INFINITE_RECURSION = YES;
				CLANG_WARN_INT_CONVERSION = YES;
				CLANG_WARN_NON_LITERAL_NULL_CONVERSION = YES;
				CLANG_WARN_OBJC_IMPLICIT_RETAIN_SELF = YES;
				CLANG_WARN_OBJC_LITERAL_CONVERSION = YES;
				CLANG_WARN_OBJC_ROOT_CLASS = YES_ERROR;
				CLANG_WARN_RANGE_LOOP_ANALYSIS = YES;
				CLANG_WARN_STRICT_PROTOTYPES = YES;
				CLANG_WARN_SUSPICIOUS_MOVE = YES;
				CLANG_WARN_UNGUARDED_AVAILABILITY = YES_AGGRESSIVE;
				CLANG_WARN_UNREACHABLE_CODE = YES;
				CLANG_WARN__DUPLICATE_METHOD_MATCH = YES;
				CODE_SIGN_IDENTITY = "iPhone Developer";
				COPY_PHASE_STRIP = NO;
				DEBUG_INFORMATION_FORMAT = dwarf;
				ENABLE_STRICT_OBJC_MSGSEND = YES;
				ENABLE_TESTABILITY = YES;
				GCC_C_LANGUAGE_STANDARD = gnu11;
				GCC_DYNAMIC_NO_PIC = NO;
				GCC_NO_COMMON_BLOCKS = YES;
				GCC_OPTIMIZATION_LEVEL = 0;
				GCC_PREPROCESSOR_DEFINITIONS = (
					"DEBUG=1",
					"$(inherited)",
				);
				GCC_WARN_64_TO_32_BIT_CONVERSION = YES;
				GCC_WARN_ABOUT_RETURN_TYPE = YES_ERROR;
				GCC_WARN_UNDECLARED_SELECTOR = YES;
				GCC_WARN_UNINITIALIZED_AUTOS = YES_AGGRESSIVE;
				GCC_WARN_UNUSED_FUNCTION = YES;
				GCC_WARN_UNUSED_VARIABLE = YES;
				IPHONEOS_DEPLOYMENT_TARGET = 12.2;
				MTL_ENABLE_DEBUG_INFO = INCLUDE_SOURCE;
				MTL_FAST_MATH = YES;
				ONLY_ACTIVE_ARCH = YES;
				SDKROOT = iphoneos;
				SWIFT_ACTIVE_COMPILATION_CONDITIONS = DEBUG;
				SWIFT_OPTIMIZATION_LEVEL = "-Onone";
			};
			name = Debug;
		};
		C4EAF1EA22817C3D00298667 /* Release */ = {
			isa = XCBuildConfiguration;
			buildSettings = {
				ALWAYS_SEARCH_USER_PATHS = NO;
				CLANG_ANALYZER_NONNULL = YES;
				CLANG_ANALYZER_NUMBER_OBJECT_CONVERSION = YES_AGGRESSIVE;
				CLANG_CXX_LANGUAGE_STANDARD = "gnu++14";
				CLANG_CXX_LIBRARY = "libc++";
				CLANG_ENABLE_MODULES = YES;
				CLANG_ENABLE_OBJC_ARC = YES;
				CLANG_ENABLE_OBJC_WEAK = YES;
				CLANG_WARN_BLOCK_CAPTURE_AUTORELEASING = YES;
				CLANG_WARN_BOOL_CONVERSION = YES;
				CLANG_WARN_COMMA = YES;
				CLANG_WARN_CONSTANT_CONVERSION = YES;
				CLANG_WARN_DEPRECATED_OBJC_IMPLEMENTATIONS = YES;
				CLANG_WARN_DIRECT_OBJC_ISA_USAGE = YES_ERROR;
				CLANG_WARN_DOCUMENTATION_COMMENTS = YES;
				CLANG_WARN_EMPTY_BODY = YES;
				CLANG_WARN_ENUM_CONVERSION = YES;
				CLANG_WARN_INFINITE_RECURSION = YES;
				CLANG_WARN_INT_CONVERSION = YES;
				CLANG_WARN_NON_LITERAL_NULL_CONVERSION = YES;
				CLANG_WARN_OBJC_IMPLICIT_RETAIN_SELF = YES;
				CLANG_WARN_OBJC_LITERAL_CONVERSION = YES;
				CLANG_WARN_OBJC_ROOT_CLASS = YES_ERROR;
				CLANG_WARN_RANGE_LOOP_ANALYSIS = YES;
				CLANG_WARN_STRICT_PROTOTYPES = YES;
				CLANG_WARN_SUSPICIOUS_MOVE = YES;
				CLANG_WARN_UNGUARDED_AVAILABILITY = YES_AGGRESSIVE;
				CLANG_WARN_UNREACHABLE_CODE = YES;
				CLANG_WARN__DUPLICATE_METHOD_MATCH = YES;
				CODE_SIGN_IDENTITY = "iPhone Developer";
				COPY_PHASE_STRIP = NO;
				DEBUG_INFORMATION_FORMAT = "dwarf-with-dsym";
				ENABLE_NS_ASSERTIONS = NO;
				ENABLE_STRICT_OBJC_MSGSEND = YES;
				GCC_C_LANGUAGE_STANDARD = gnu11;
				GCC_NO_COMMON_BLOCKS = YES;
				GCC_WARN_64_TO_32_BIT_CONVERSION = YES;
				GCC_WARN_ABOUT_RETURN_TYPE = YES_ERROR;
				GCC_WARN_UNDECLARED_SELECTOR = YES;
				GCC_WARN_UNINITIALIZED_AUTOS = YES_AGGRESSIVE;
				GCC_WARN_UNUSED_FUNCTION = YES;
				GCC_WARN_UNUSED_VARIABLE = YES;
				IPHONEOS_DEPLOYMENT_TARGET = 12.2;
				MTL_ENABLE_DEBUG_INFO = NO;
				MTL_FAST_MATH = YES;
				SDKROOT = iphoneos;
				SWIFT_COMPILATION_MODE = wholemodule;
				SWIFT_OPTIMIZATION_LEVEL = "-O";
				VALIDATE_PRODUCT = YES;
			};
			name = Release;
		};
		C4EAF1EC22817C3D00298667 /* Debug */ = {
			isa = XCBuildConfiguration;
			baseConfigurationReference = 9C5DB8E57E48DBA0DC59F62C /* Pods-TemplateAPP.debug.xcconfig */;
			buildSettings = {
				ASSETCATALOG_COMPILER_APPICON_NAME = AppIcon;
				CODE_SIGN_STYLE = Automatic;
				DEVELOPMENT_TEAM = C4YHU2GEWQ;
				INFOPLIST_FILE = TemplateAPP/Info.plist;
				LD_RUNPATH_SEARCH_PATHS = (
					"$(inherited)",
					"@executable_path/Frameworks",
				);
				PRODUCT_BUNDLE_IDENTIFIER = com.hgd.TemplateAPP;
				PRODUCT_NAME = "$(TARGET_NAME)";
				SWIFT_VERSION = 5.0;
				TARGETED_DEVICE_FAMILY = "1,2";
			};
			name = Debug;
		};
		C4EAF1ED22817C3D00298667 /* Release */ = {
			isa = XCBuildConfiguration;
			baseConfigurationReference = 2B4E175E89952D92F6207669 /* Pods-TemplateAPP.release.xcconfig */;
			buildSettings = {
				ASSETCATALOG_COMPILER_APPICON_NAME = AppIcon;
				CODE_SIGN_STYLE = Automatic;
				DEVELOPMENT_TEAM = C4YHU2GEWQ;
				INFOPLIST_FILE = TemplateAPP/Info.plist;
				LD_RUNPATH_SEARCH_PATHS = (
					"$(inherited)",
					"@executable_path/Frameworks",
				);
				PRODUCT_BUNDLE_IDENTIFIER = com.hgd.TemplateAPP;
				PRODUCT_NAME = "$(TARGET_NAME)";
				SWIFT_VERSION = 5.0;
				TARGETED_DEVICE_FAMILY = "1,2";
			};
			name = Release;
		};
/* End XCBuildConfiguration section */

/* Begin XCConfigurationList section */
		C4EAF1D422817C3B00298667 /* Build configuration list for PBXProject "TemplateAPP" */ = {
			isa = XCConfigurationList;
			buildConfigurations = (
				C4EAF1E922817C3D00298667 /* Debug */,
				C4EAF1EA22817C3D00298667 /* Release */,
			);
			defaultConfigurationIsVisible = 0;
			defaultConfigurationName = Release;
		};
		C4EAF1EB22817C3D00298667 /* Build configuration list for PBXNativeTarget "TemplateAPP" */ = {
			isa = XCConfigurationList;
			buildConfigurations = (
				C4EAF1EC22817C3D00298667 /* Debug */,
				C4EAF1ED22817C3D00298667 /* Release */,
			);
			defaultConfigurationIsVisible = 0;
			defaultConfigurationName = Release;
		};
/* End XCConfigurationList section */
	};
	rootObject = C4EAF1D122817C3A00298667 /* Project object */;
}
